
Microsoft Visual Studio Solution File, Format Version 12.00
# Visual Studio Version 17
VisualStudioVersion = 17.6.33815.320
MinimumVisualStudioVersion = 10.0.40219.1
Project("{8BC9CEB8-8B4A-11D0-8D11-00A0C91BC942}") = "LSO", "LSO.vcxproj", "{CB4F66AC-18C4-42E3-B446-C29A44EF49A6}"
EndProject
Project("{8BC9CEB8-8B4A-11D0-8D11-00A0C91BC942}") = "common", "..\..\libs\common\common.vcxproj", "{2FD9790A-C94B-4AE7-ABE9-9FAFF1FAC78D}"
EndProject
Project("{8BC9CEB8-8B4A-11D0-8D11-00A0C91BC942}") = "Graphics", "..\..\libs\Graphics\Graphics.vcxproj", "{7C5B1BC9-1532-4053-8BF7-52BEF9463321}"
EndProject
Project("{8BC9CEB8-8B4A-11D0-8D11-00A0C91BC942}") = "Astro", "..\..\libs\Astro\Astro.vcxproj", "{5867884D-2FF0-4EFA-8682-9B4A9377A656}"
EndProject
Global
	GlobalSection(SolutionConfigurationPlatforms) = preSolution
		Debug|x64 = Debug|x64
		Debug|x86 = Debug|x86
		Release|x64 = Release|x64
		Release|x86 = Release|x86
	EndGlobalSection
	GlobalSection(ProjectConfigurationPlatforms) = postSolution
		{CB4F66AC-18C4-42E3-B446-C29A44EF49A6}.Debug|x64.ActiveCfg = Debug|x64
		{CB4F66AC-18C4-42E3-B446-C29A44EF49A6}.Debug|x64.Build.0 = Debug|x64
		{CB4F66AC-18C4-42E3-B446-C29A44EF49A6}.Debug|x86.ActiveCfg = Debug|Win32
		{CB4F66AC-18C4-42E3-B446-C29A44EF49A6}.Debug|x86.Build.0 = Debug|Win32
		{CB4F66AC-18C4-42E3-B446-C29A44EF49A6}.Release|x64.ActiveCfg = Release|x64
		{CB4F66AC-18C4-42E3-B446-C29A44EF49A6}.Release|x64.Build.0 = Release|x64
		{CB4F66AC-18C4-42E3-B446-C29A44EF49A6}.Release|x86.ActiveCfg = Release|Win32
		{CB4F66AC-18C4-42E3-B446-C29A44EF49A6}.Release|x86.Build.0 = Release|Win32
		{2FD9790A-C94B-4AE7-ABE9-9FAFF1FAC78D}.Debug|x64.ActiveCfg = Debug|x64
		{2FD9790A-C94B-4AE7-ABE9-9FAFF1FAC78D}.Debug|x64.Build.0 = Debug|x64
		{2FD9790A-C94B-4AE7-ABE9-9FAFF1FAC78D}.Debug|x86.ActiveCfg = Debug|x64
		{2FD9790A-C94B-4AE7-ABE9-9FAFF1FAC78D}.Debug|x86.Build.0 = Debug|x64
		{2FD9790A-C94B-4AE7-ABE9-9FAFF1FAC78D}.Release|x64.ActiveCfg = Release|x64
		{2FD9790A-C94B-4AE7-ABE9-9FAFF1FAC78D}.Release|x64.Build.0 = Release|x64
		{2FD9790A-C94B-4AE7-ABE9-9FAFF1FAC78D}.Release|x86.ActiveCfg = Release|x64
		{2FD9790A-C94B-4AE7-ABE9-9FAFF1FAC78D}.Release|x86.Build.0 = Release|x64
		{7C5B1BC9-1532-4053-8BF7-52BEF9463321}.Debug|x64.ActiveCfg = Debug|x64
		{7C5B1BC9-1532-4053-8BF7-52BEF9463321}.Debug|x64.Build.0 = Debug|x64
		{7C5B1BC9-1532-4053-8BF7-52BEF9463321}.Debug|x86.ActiveCfg = Debug|x64
		{7C5B1BC9-1532-4053-8BF7-52BEF9463321}.Debug|x86.Build.0 = Debug|x64
		{7C5B1BC9-1532-4053-8BF7-52BEF9463321}.Release|x64.ActiveCfg = Release|x64
		{7C5B1BC9-1532-4053-8BF7-52BEF9463321}.Release|x64.Build.0 = Release|x64
		{7C5B1BC9-1532-4053-8BF7-52BEF9463321}.Release|x86.ActiveCfg = Release|x64
		{7C5B1BC9-1532-4053-8BF7-52BEF9463321}.Release|x86.Build.0 = Release|x64
		{5867884D-2FF0-4EFA-8682-9B4A9377A656}.Debug|x64.ActiveCfg = Debug|x64
		{5867884D-2FF0-4EFA-8682-9B4A9377A656}.Debug|x64.Build.0 = Debug|x64
		{5867884D-2FF0-4EFA-8682-9B4A9377A656}.Debug|x86.ActiveCfg = Debug|x64
		{5867884D-2FF0-4EFA-8682-9B4A9377A656}.Debug|x86.Build.0 = Debug|x64
		{5867884D-2FF0-4EFA-8682-9B4A9377A656}.Release|x64.ActiveCfg = Release|x64
		{5867884D-2FF0-4EFA-8682-9B4A9377A656}.Release|x64.Build.0 = Release|x64
		{5867884D-2FF0-4EFA-8682-9B4A9377A656}.Release|x86.ActiveCfg = Release|x64
		{5867884D-2FF0-4EFA-8682-9B4A9377A656}.Release|x86.Build.0 = Release|x64
	EndGlobalSection
	GlobalSection(SolutionProperties) = preSolution
		HideSolutionNode = FALSE
	EndGlobalSection
	GlobalSection(ExtensibilityGlobals) = postSolution
		SolutionGuid = {981099A0-2D68-4D48-B53F-70202F10D591}
	EndGlobalSection
EndGlobal
